{
    "badges/poser": {
        "version": "v1.3.0"
    },
    "bitbucket/client": {
        "version": "v2.1.3"
    },
    "cache/adapter-common": {
        "version": "1.1.0"
    },
    "cache/hierarchical-cache": {
        "version": "1.0.0"
    },
    "cache/predis-adapter": {
        "version": "1.0.0"
    },
    "cache/tag-interop": {
        "version": "1.0.0"
    },
    "clue/stream-filter": {
        "version": "v1.4.0"
    },
    "composer/semver": {
        "version": "1.4.2"
    },
    "composer/xdebug-handler": {
        "version": "1.3.1"
    },
    "doctrine/annotations": {
        "version": "1.0",
        "recipe": {
            "repo": "github.com/symfony/recipes",
            "branch": "master",
            "version": "1.0",
            "ref": "cb4152ebcadbe620ea2261da1a1c5a9b8cea7672"
        }
    },
    "doctrine/inflector": {
        "version": "v1.3.0"
    },
    "doctrine/lexer": {
        "version": "v1.0.1"
    },
    "friendsofphp/php-cs-fixer": {
        "version": "2.2",
        "recipe": {
            "repo": "github.com/symfony/recipes",
            "branch": "master",
            "version": "2.2",
            "ref": "81dee417d2cc60cd1c9d6208dff2ec22a1103e93"
        }
    },
    "guzzlehttp/guzzle": {
        "version": "6.3.3"
    },
    "guzzlehttp/promises": {
        "version": "v1.3.1"
    },
    "guzzlehttp/psr7": {
        "version": "1.5.2"
    },
    "http-interop/http-factory-guzzle": {
        "version": "1.0.0"
    },
    "jangregor/phpstan-prophecy": {
        "version": "0.8.0"
    },
    "jean85/pretty-package-versions": {
        "version": "1.2"
    },
    "knplabs/github-api": {
        "version": "2.6",
        "recipe": {
            "repo": "github.com/symfony/recipes-contrib",
            "branch": "master",
            "version": "2.6",
            "ref": "343a54894c535b6ef0d1a297f543793b3852ea9d"
        }
    },
    "knplabs/packagist-api": {
        "version": "v1.5.1"
    },
    "monolog/monolog": {
        "version": "1.24.0"
    },
    "ocramius/package-versions": {
        "version": "1.8.0"
    },
    "php": {
        "version": "8.0"
    },
    "php-cs-fixer/diff": {
        "version": "v1.3.0"
    },
    "php-http/cache-plugin": {
        "version": "v1.5.0"
    },
    "php-http/client-common": {
        "version": "1.9.0"
    },
    "php-http/discovery": {
        "version": "1.5.2"
    },
    "php-http/guzzle6-adapter": {
        "version": "v1.1.1"
    },
    "php-http/httplug": {
        "version": "v1.1.0"
    },
    "php-http/message": {
        "version": "1.7.2"
    },
    "php-http/message-factory": {
        "version": "v1.0.2"
    },
    "php-http/multipart-stream-builder": {
        "version": "1.1.0"
    },
    "php-http/promise": {
        "version": "v1.0.0"
    },
    "phpstan/extension-installer": {
        "version": "1.0.4"
    },
    "phpstan/phpstan": {
        "version": "0.11.8"
    },
    "phpstan/phpstan-phpunit": {
        "version": "0.11.2"
    },
    "phpstan/phpstan-symfony": {
        "version": "0.11.6"
    },
    "predis/predis": {
        "version": "v1.1.1"
    },
    "psr/cache": {
        "version": "1.0.1"
    },
    "psr/container": {
        "version": "1.0.0"
    },
    "psr/event-dispatcher": {
        "version": "1.0.0"
    },
    "psr/http-client": {
        "version": "1.0.0"
    },
    "psr/http-factory": {
        "version": "1.0.1"
    },
    "psr/http-message": {
        "version": "1.0.1"
    },
    "psr/log": {
        "version": "1.1.0"
    },
    "psr/simple-cache": {
        "version": "1.0.1"
    },
    "ralouphie/getallheaders": {
        "version": "2.0.5"
    },
    "sentry/sdk": {
        "version": "2.0.4"
    },
    "sentry/sentry": {
        "version": "2.2.2"
    },
    "sentry/sentry-symfony": {
        "version": "3.0",
        "recipe": {
            "repo": "github.com/symfony/recipes-contrib",
            "branch": "master",
            "version": "3.0",
            "ref": "9746f0823302d7980e5273ef7a69ef3f5ac80914"
        },
        "files": [
            "config/packages/sentry.yaml"
        ]
    },
    "snc/redis-bundle": {
        "version": "2.0",
        "recipe": {
            "repo": "github.com/symfony/recipes-contrib",
            "branch": "master",
            "version": "2.0",
            "ref": "e9c58bfc414cfb7f06e8e5ae9f589868498f5d6a"
        }
    },
    "symfony/asset": {
        "version": "v4.2.1"
    },
    "symfony/browser-kit": {
        "version": "v4.2.1"
    },
    "symfony/cache": {
        "version": "v4.2.1"
    },
    "symfony/cache-contracts": {
        "version": "v1.1.1"
    },
    "symfony/config": {
        "version": "v4.2.1"
    },
    "symfony/console": {
        "version": "3.3",
        "recipe": {
            "repo": "github.com/symfony/recipes",
            "branch": "master",
            "version": "3.3",
            "ref": "0fa049c19069a65f52c1c181d64be3de672c1504"
        }
    },
    "symfony/debug-bundle": {
        "version": "4.1",
        "recipe": {
            "repo": "github.com/symfony/recipes",
            "branch": "master",
            "version": "4.1",
            "ref": "f8863cbad2f2e58c4b65fa1eac892ab189971bea"
        }
    },
    "symfony/debug-pack": {
        "version": "v1.0.7"
    },
    "symfony/dependency-injection": {
        "version": "v4.2.1"
    },
    "symfony/deprecation-contracts": {
        "version": "v2.2.0"
    },
    "symfony/dom-crawler": {
        "version": "v4.2.1"
    },
    "symfony/dotenv": {
        "version": "v4.2.1"
    },
    "symfony/error-handler": {
        "version": "v4.4.2"
    },
    "symfony/event-dispatcher": {
        "version": "v4.2.1"
    },
    "symfony/event-dispatcher-contracts": {
        "version": "v1.1.1"
    },
    "symfony/filesystem": {
        "version": "v4.2.1"
    },
    "symfony/finder": {
        "version": "v4.2.1"
    },
    "symfony/flex": {
        "version": "1.0",
        "recipe": {
            "repo": "github.com/symfony/recipes",
            "branch": "master",
            "version": "1.0",
            "ref": "dc3fc2e0334a4137c47cfd5a3ececc601fa61a0b"
        }
    },
    "symfony/framework-bundle": {
        "version": "4.2",
        "recipe": {
            "repo": "github.com/symfony/recipes",
            "branch": "master",
            "version": "4.2",
            "ref": "99d0a737bb3a14a25530fc8c528aa2a632f43079"
        }
    },
    "symfony/http-client": {
        "version": "v4.3.0"
    },
    "symfony/http-client-contracts": {
        "version": "v1.1.1"
    },
    "symfony/http-foundation": {
        "version": "v4.2.1"
    },
    "symfony/http-kernel": {
        "version": "v4.2.1"
    },
    "symfony/monolog-bridge": {
        "version": "v4.2.1"
    },
    "symfony/monolog-bundle": {
        "version": "3.1",
        "recipe": {
            "repo": "github.com/symfony/recipes",
            "branch": "master",
            "version": "3.1",
            "ref": "18ebf5a940573a20de06f9c4060101eeb438cf3d"
        }
    },
    "symfony/options-resolver": {
        "version": "v4.2.1"
    },
    "symfony/phpunit-bridge": {
        "version": "4.1",
        "recipe": {
            "repo": "github.com/symfony/recipes",
            "branch": "master",
            "version": "4.1",
            "ref": "0e548dd90adba18fabd4ef419b14d361fe4d6c74"
        }
    },
    "symfony/polyfill-ctype": {
        "version": "v1.10.0"
    },
    "symfony/polyfill-intl-grapheme": {
        "version": "v1.20.0"
    },
    "symfony/polyfill-intl-idn": {
        "version": "v1.11.0"
    },
    "symfony/polyfill-intl-normalizer": {
        "version": "v1.18.0"
    },
    "symfony/polyfill-mbstring": {
        "version": "v1.10.0"
    },
    "symfony/polyfill-php80": {
        "version": "v1.18.0"
    },
    "symfony/polyfill-uuid": {
        "version": "v1.14.0"
    },
    "symfony/process": {
        "version": "v4.2.1"
    },
    "symfony/profiler-pack": {
        "version": "v1.0.4"
    },
    "symfony/routing": {
        "version": "4.2",
        "recipe": {
            "repo": "github.com/symfony/recipes",
            "branch": "master",
            "version": "4.2",
            "ref": "5374e24d508ba8fd6ba9eb15170255fdb778316a"
        }
    },
    "symfony/security-core": {
        "version": "v4.3.5"
    },
    "symfony/service-contracts": {
        "version": "v1.1.2"
    },
    "symfony/stopwatch": {
        "version": "v4.2.1"
    },
    "symfony/string": {
        "version": "v5.1.8"
    },
    "symfony/translation-contracts": {
        "version": "v1.1.7"
    },
    "symfony/twig-bridge": {
        "version": "v4.2.1"
    },
    "symfony/twig-bundle": {
        "version": "3.3",
        "recipe": {
            "repo": "github.com/symfony/recipes",
            "branch": "master",
            "version": "3.3",
            "ref": "369b5b29dc52b2c190002825ae7ec24ab6f962dd"
        }
    },
    "symfony/var-dumper": {
        "version": "v4.2.1"
    },
    "symfony/var-exporter": {
        "version": "v4.2.1"
    },
    "symfony/web-profiler-bundle": {
        "version": "3.3",
        "recipe": {
            "repo": "github.com/symfony/recipes",
            "branch": "master",
            "version": "3.3",
            "ref": "6bdfa1a95f6b2e677ab985cd1af2eae35d62e0f6"
        }
    },
    "symfony/webpack-encore-bundle": {
        "version": "1.0",
        "recipe": {
            "repo": "github.com/symfony/recipes",
            "branch": "master",
            "version": "1.0",
            "ref": "248c29c070dcd79e8333c676b0c5e284e3b365b5"
        }
    },
    "symfony/yaml": {
        "version": "v4.2.1"
    },
    "twig/twig": {
        "version": "v2.6.0"
    }
}
